# This file is generated by running "yarn install" inside your project.
# Manual changes might be lost - proceed with caution!

__metadata:
  version: 10
  cacheKey: 10c0

"abort-controller@npm:^3.0.0":
  version: 3.0.0
  resolution: "abort-controller@npm:3.0.0"
  dependencies:
    event-target-shim: "npm:^5.0.0"
  checksum: 10c0/90ccc50f010250152509a344eb2e71977fbf8db0ab8f1061197e3275ddf6c61a41a6edfd7b9409c664513131dd96e962065415325ef23efa5db931b382d24ca5
  languageName: node
  linkType: hard

"base64-js@npm:^1.3.1":
  version: 1.5.1
  resolution: "base64-js@npm:1.5.1"
  checksum: 10c0/f23823513b63173a001030fae4f2dabe283b99a9d324ade3ad3d148e218134676f1ee8568c877cd79ec1c53158dcf2d2ba527a97c606618928ba99dd930102bf
  languageName: node
  linkType: hard

"buffer@npm:^6.0.3":
  version: 6.0.3
  resolution: "buffer@npm:6.0.3"
  dependencies:
    base64-js: "npm:^1.3.1"
    ieee754: "npm:^1.2.1"
  checksum: 10c0/2a905fbbcde73cc5d8bd18d1caa23715d5f83a5935867c2329f0ac06104204ba7947be098fe1317fbd8830e26090ff8e764f08cd14fefc977bb248c3487bcbd0
  languageName: node
  linkType: hard

"core-util-is@npm:~1.0.0":
  version: 1.0.3
  resolution: "core-util-is@npm:1.0.3"
  checksum: 10c0/90a0e40abbddfd7618f8ccd63a74d88deea94e77d0e8dbbea059fa7ebebb8fbb4e2909667fe26f3a467073de1a542ebe6ae4c73a73745ac5833786759cd906c9
  languageName: node
  linkType: hard

"cssauron@npm:^1.1.0":
  version: 1.4.0
  resolution: "cssauron@npm:1.4.0"
  dependencies:
    through: "npm:X.X.X"
  checksum: 10c0/844827f577049ba6a93637ce224c9529b901eaf9bfe718bfba4cbcc831a5360e64b94c1db84353ddc340e6d4e2673e110fa0e77a1863aa01018259bf52237cc8
  languageName: node
  linkType: hard

"duplexer2@npm:~0.0.2":
  version: 0.0.2
  resolution: "duplexer2@npm:0.0.2"
  dependencies:
    readable-stream: "npm:~1.1.9"
  checksum: 10c0/6b90f5ceb8d7be7472b2264bef832773c5c80fb9fcf6b74ce7ca16bba7125088bc67a8d3da7fa644c7f600cd62b70a0758f1bb190403f940fc01cbc1f197374c
  languageName: node
  linkType: hard

"event-target-shim@npm:^5.0.0":
  version: 5.0.1
  resolution: "event-target-shim@npm:5.0.1"
  checksum: 10c0/0255d9f936215fd206156fd4caa9e8d35e62075d720dc7d847e89b417e5e62cf1ce6c9b4e0a1633a9256de0efefaf9f8d26924b1f3c8620cffb9db78e7d3076b
  languageName: node
  linkType: hard

"events@npm:^3.3.0":
  version: 3.3.0
  resolution: "events@npm:3.3.0"
  checksum: 10c0/d6b6f2adbccbcda74ddbab52ed07db727ef52e31a61ed26db9feb7dc62af7fc8e060defa65e5f8af9449b86b52cc1a1f6a79f2eafcf4e62add2b7a1fa4a432f6
  languageName: node
  linkType: hard

"html-select@npm:^2.3.5":
  version: 2.3.24
  resolution: "html-select@npm:2.3.24"
  dependencies:
    cssauron: "npm:^1.1.0"
    duplexer2: "npm:~0.0.2"
    inherits: "npm:^2.0.1"
    minimist: "npm:~0.0.8"
    readable-stream: "npm:^1.0.27-1"
    split: "npm:~0.3.0"
    stream-splicer: "npm:^1.2.0"
    through2: "npm:^1.0.0"
  bin:
    html-select: bin/cmd.js
  checksum: 10c0/5870a8e939521c5d1e65de57ff21e9ccd6d59d19301ef2e8b5a8ec27b875c642683541f7bdf2da23ece62fab637ec181aeb35ae4749f62790cf56a4e6e254304
  languageName: node
  linkType: hard

"html-tokenize@npm:^1.1.1":
  version: 1.2.5
  resolution: "html-tokenize@npm:1.2.5"
  dependencies:
    inherits: "npm:~2.0.1"
    minimist: "npm:~0.0.8"
    readable-stream: "npm:~1.0.27-1"
    through2: "npm:~0.4.1"
  bin:
    html-tokenize: bin/cmd.js
  checksum: 10c0/58acd676f87b868f5e199cd82e529ed5facd3fa32cfe415ca77a9feaca28ffb699532a212e7193b66cf4fcd3560a76ffa7ffdfa1c25f13283af68a20d7743adb
  languageName: node
  linkType: hard

"http-stream@workspace:.":
  version: 0.0.0-use.local
  resolution: "http-stream@workspace:."
  dependencies:
    through2: "npm:^5"
    trumpet: "npm:^1"
  languageName: unknown
  linkType: soft

"ieee754@npm:^1.2.1":
  version: 1.2.1
  resolution: "ieee754@npm:1.2.1"
  checksum: 10c0/b0782ef5e0935b9f12883a2e2aa37baa75da6e66ce6515c168697b42160807d9330de9a32ec1ed73149aea02e0d822e572bca6f1e22bdcbd2149e13b050b17bb
  languageName: node
  linkType: hard

"indexof@npm:0.0.1":
  version: 0.0.1
  resolution: "indexof@npm:0.0.1"
  checksum: 10c0/31f2b90def1d5429db21384a10d0ccc0d7bdbf0566d30d7fcabf99c7c2b7ffe420bb8fabadcce85e3d453b0e590c507de64401abe8c3eb238c878e78fcb98d33
  languageName: node
  linkType: hard

"inherits@npm:^2.0.0, inherits@npm:^2.0.1, inherits@npm:~2.0.1":
  version: 2.0.4
  resolution: "inherits@npm:2.0.4"
  checksum: 10c0/4e531f648b29039fb7426fb94075e6545faa1eb9fe83c29f0b6d9e7263aceb4289d2d4557db0d428188eeb449cc7c5e77b0a0b2c4e248ff2a65933a0dee49ef2
  languageName: node
  linkType: hard

"isarray@npm:0.0.1, isarray@npm:~0.0.1":
  version: 0.0.1
  resolution: "isarray@npm:0.0.1"
  checksum: 10c0/ed1e62da617f71fe348907c71743b5ed550448b455f8d269f89a7c7ddb8ae6e962de3dab6a74a237b06f5eb7f6ece7a45ada8ce96d87fe972926530f91ae3311
  languageName: node
  linkType: hard

"minimist@npm:~0.0.8":
  version: 0.0.10
  resolution: "minimist@npm:0.0.10"
  checksum: 10c0/c505a020144b6e49f2b1c7d1e378f3692b7102e989b4a49338fc171eb4229ddddb430e779ff803dcb11854050e3fe3c2298962a7d73c20df7c2044c92b2ba1da
  languageName: node
  linkType: hard

"object-keys@npm:~0.4.0":
  version: 0.4.0
  resolution: "object-keys@npm:0.4.0"
  checksum: 10c0/91b5eefd2e0374b3d19000d4ea21d94b9f616c28a1e58f1c4f3e1fd6486a9f53ac00aa10e5ef85536be477dbd0f506bdeee6418e5fc86cc91ab0748655b08f5b
  languageName: node
  linkType: hard

"process@npm:^0.11.10":
  version: 0.11.10
  resolution: "process@npm:0.11.10"
  checksum: 10c0/40c3ce4b7e6d4b8c3355479df77aeed46f81b279818ccdc500124e6a5ab882c0cc81ff7ea16384873a95a74c4570b01b120f287abbdd4c877931460eca6084b3
  languageName: node
  linkType: hard

"readable-stream@npm:>=1.1.13-1 <1.2.0-0, readable-stream@npm:^1.0.27-1, readable-stream@npm:^1.1.13-1, readable-stream@npm:~1.1.9":
  version: 1.1.14
  resolution: "readable-stream@npm:1.1.14"
  dependencies:
    core-util-is: "npm:~1.0.0"
    inherits: "npm:~2.0.1"
    isarray: "npm:0.0.1"
    string_decoder: "npm:~0.10.x"
  checksum: 10c0/b7f41b16b305103d598e3c8964fa30d52d6e0b5d9fdad567588964521691c24b279c7a8bb71f11927c3613acf355bac72d8396885a43d50425b2caafd49bc83d
  languageName: node
  linkType: hard

"readable-stream@npm:^4.7.0":
  version: 4.7.0
  resolution: "readable-stream@npm:4.7.0"
  dependencies:
    abort-controller: "npm:^3.0.0"
    buffer: "npm:^6.0.3"
    events: "npm:^3.3.0"
    process: "npm:^0.11.10"
    string_decoder: "npm:^1.3.0"
  checksum: 10c0/fd86d068da21cfdb10f7a4479f2e47d9c0a9b0c862fc0c840a7e5360201580a55ac399c764b12a4f6fa291f8cee74d9c4b7562e0d53b3c4b2769f2c98155d957
  languageName: node
  linkType: hard

"readable-stream@npm:~1.0.17, readable-stream@npm:~1.0.27-1":
  version: 1.0.34
  resolution: "readable-stream@npm:1.0.34"
  dependencies:
    core-util-is: "npm:~1.0.0"
    inherits: "npm:~2.0.1"
    isarray: "npm:0.0.1"
    string_decoder: "npm:~0.10.x"
  checksum: 10c0/02272551396ed8930ddee1a088bdf0379f0f7cc47ac49ed8804e998076cb7daec9fbd2b1fd9c0490ec72e56e8bb3651abeb8080492b8e0a9c3f2158330908ed6
  languageName: node
  linkType: hard

"readable-wrap@npm:^1.0.0":
  version: 1.0.0
  resolution: "readable-wrap@npm:1.0.0"
  dependencies:
    readable-stream: "npm:^1.1.13-1"
  checksum: 10c0/66aba9b5f4e6139d6b160e494e213e2675393f794e080203b338dcf22116505d86be8e9798a6a476eb8963d0bcb77b6de6cdac109e22f318a6d90c48f626dd94
  languageName: node
  linkType: hard

"safe-buffer@npm:~5.2.0":
  version: 5.2.1
  resolution: "safe-buffer@npm:5.2.1"
  checksum: 10c0/6501914237c0a86e9675d4e51d89ca3c21ffd6a31642efeba25ad65720bce6921c9e7e974e5be91a786b25aa058b5303285d3c15dbabf983a919f5f630d349f3
  languageName: node
  linkType: hard

"split@npm:~0.3.0":
  version: 0.3.3
  resolution: "split@npm:0.3.3"
  dependencies:
    through: "npm:2"
  checksum: 10c0/88c09b1b4de84953bf5d6c153123a1fbb20addfea9381f70d27b4eb6b2bfbadf25d313f8f5d3fd727d5679b97bfe54da04766b91010f131635bf49e51d5db3fc
  languageName: node
  linkType: hard

"stream-splicer@npm:^1.2.0":
  version: 1.3.2
  resolution: "stream-splicer@npm:1.3.2"
  dependencies:
    indexof: "npm:0.0.1"
    inherits: "npm:^2.0.1"
    isarray: "npm:~0.0.1"
    readable-stream: "npm:^1.1.13-1"
    readable-wrap: "npm:^1.0.0"
    through2: "npm:^1.0.0"
  checksum: 10c0/d1e2a07181fa5eeca47446e3113114a56e4600dad0d298b2ac61b5e7fe10850b007f315f7aadc6aa05c3776727f32c0f098dc9368c31cc928b1ff4d7924ffa4d
  languageName: node
  linkType: hard

"string_decoder@npm:^1.3.0":
  version: 1.3.0
  resolution: "string_decoder@npm:1.3.0"
  dependencies:
    safe-buffer: "npm:~5.2.0"
  checksum: 10c0/810614ddb030e271cd591935dcd5956b2410dd079d64ff92a1844d6b7588bf992b3e1b69b0f4d34a3e06e0bd73046ac646b5264c1987b20d0601f81ef35d731d
  languageName: node
  linkType: hard

"string_decoder@npm:~0.10.x":
  version: 0.10.31
  resolution: "string_decoder@npm:0.10.31"
  checksum: 10c0/1c628d78f974aa7539c496029f48e7019acc32487fc695464f9d6bdfec98edd7d933a06b3216bc2016918f6e75074c611d84430a53cb0e43071597d6c1ac5e25
  languageName: node
  linkType: hard

"through2@npm:^1.0.0":
  version: 1.1.1
  resolution: "through2@npm:1.1.1"
  dependencies:
    readable-stream: "npm:>=1.1.13-1 <1.2.0-0"
    xtend: "npm:>=4.0.0 <4.1.0-0"
  checksum: 10c0/e927e619b3dce0c8599e243c516e41e7adaa51ff84e76f9fe17da58927951d209a5e6e52ad7a98a36d22cf07de8830e040fbd508d5cc1f8c74ca23b1e3022799
  languageName: node
  linkType: hard

"through2@npm:^5":
  version: 5.0.5
  resolution: "through2@npm:5.0.5"
  dependencies:
    readable-stream: "npm:^4.7.0"
  checksum: 10c0/d89ffe5bf4ee4fe296d5da9a37e142f8313a5d48e0a462f5642999abf666505299dfabd13017248c5fe1dd42ff4dba29d37f1dd6a16f913549ea8ae9c8e7bad5
  languageName: node
  linkType: hard

"through2@npm:~0.4.1":
  version: 0.4.2
  resolution: "through2@npm:0.4.2"
  dependencies:
    readable-stream: "npm:~1.0.17"
    xtend: "npm:~2.1.1"
  checksum: 10c0/4a0b3ade0914b7868b6c74effdd51f942060b2c3abfd483211eef2b2823b70442127f03cce4bc678e5153a31e7c4762bb8b679583e8c7d2665e2bc855da53fc5
  languageName: node
  linkType: hard

"through@npm:2, through@npm:X.X.X":
  version: 2.3.8
  resolution: "through@npm:2.3.8"
  checksum: 10c0/4b09f3774099de0d4df26d95c5821a62faee32c7e96fb1f4ebd54a2d7c11c57fe88b0a0d49cf375de5fee5ae6bf4eb56dbbf29d07366864e2ee805349970d3cc
  languageName: node
  linkType: hard

"trumpet@npm:^1":
  version: 1.7.2
  resolution: "trumpet@npm:1.7.2"
  dependencies:
    duplexer2: "npm:~0.0.2"
    html-select: "npm:^2.3.5"
    html-tokenize: "npm:^1.1.1"
    inherits: "npm:^2.0.0"
    readable-stream: "npm:^1.0.27-1"
    through2: "npm:^1.0.0"
  checksum: 10c0/c0fef29820a5bf79e6fb8ce50fe6c50622d3c91ea5f77e43fa235bf466f2fbea67a978b65454251b90343b75a6cb7cbb965c79ae807e6567d48eb6b23b29360a
  languageName: node
  linkType: hard

"xtend@npm:>=4.0.0 <4.1.0-0":
  version: 4.0.2
  resolution: "xtend@npm:4.0.2"
  checksum: 10c0/366ae4783eec6100f8a02dff02ac907bf29f9a00b82ac0264b4d8b832ead18306797e283cf19de776538babfdcb2101375ec5646b59f08c52128ac4ab812ed0e
  languageName: node
  linkType: hard

"xtend@npm:~2.1.1":
  version: 2.1.2
  resolution: "xtend@npm:2.1.2"
  dependencies:
    object-keys: "npm:~0.4.0"
  checksum: 10c0/5b0289152e845041cfcb07d5fb31873a71e4fa9c0279299f9cce0e2a210a0177d071aac48546c998df2a44ff2c19d1cde8a9ab893e27192a0c2061c2837d8cb5
  languageName: node
  linkType: hard
